
Microsoft Visual Studio Solution File, Format Version 12.00
# Visual Studio Version 17
VisualStudioVersion = 17.1.32421.90
MinimumVisualStudioVersion = 10.0.40219.1
Project("{FAE04EC0-301F-11D3-BF4B-00C04F79EFBC}") = "GamCollection", "GamCollection\GamCollection.csproj", "{80135412-6738-4B47-B5F5-9760DC506A20}"
EndProject
Global
	GlobalSection(SolutionConfigurationPlatforms) = preSolution
		Debug|Any CPU = Debug|Any CPU
		Release|Any CPU = Release|Any CPU
	EndGlobalSection
	GlobalSection(ProjectConfigurationPlatforms) = postSolution
		{80135412-6738-4B47-B5F5-9760DC506A20}.Debug|Any CPU.ActiveCfg = Debug|Any CPU
		{80135412-6738-4B47-B5F5-9760DC506A20}.Debug|Any CPU.Build.0 = Debug|Any CPU
		{80135412-6738-4B47-B5F5-9760DC506A20}.Release|Any CPU.ActiveCfg = Release|Any CPU
		{80135412-6738-4B47-B5F5-9760DC506A20}.Release|Any CPU.Build.0 = Release|Any CPU
	EndGlobalSection
	GlobalSection(SolutionProperties) = preSolution
		HideSolutionNode = FALSE
	EndGlobalSection
	GlobalSection(ExtensibilityGlobals) = postSolution
		SolutionGuid = {37F6DAF0-3F86-4E48-A317-A7B7A742DFDB}
	EndGlobalSection
EndGlobal
