
Microsoft Visual Studio Solution File, Format Version 12.00
# Visual Studio Version 17
VisualStudioVersion = 17.1.32421.90
MinimumVisualStudioVersion = 10.0.40219.1
Project("{FAE04EC0-301F-11D3-BF4B-00C04F79EFBC}") = "Linq_ToObject", "Linq_ToObject\Linq_ToObject.csproj", "{EB1876B1-DC4F-4BEA-A93B-540856A0A6D1}"
EndProject
Global
	GlobalSection(SolutionConfigurationPlatforms) = preSolution
		Debug|Any CPU = Debug|Any CPU
		Release|Any CPU = Release|Any CPU
	EndGlobalSection
	GlobalSection(ProjectConfigurationPlatforms) = postSolution
		{EB1876B1-DC4F-4BEA-A93B-540856A0A6D1}.Debug|Any CPU.ActiveCfg = Debug|Any CPU
		{EB1876B1-DC4F-4BEA-A93B-540856A0A6D1}.Debug|Any CPU.Build.0 = Debug|Any CPU
		{EB1876B1-DC4F-4BEA-A93B-540856A0A6D1}.Release|Any CPU.ActiveCfg = Release|Any CPU
		{EB1876B1-DC4F-4BEA-A93B-540856A0A6D1}.Release|Any CPU.Build.0 = Release|Any CPU
	EndGlobalSection
	GlobalSection(SolutionProperties) = preSolution
		HideSolutionNode = FALSE
	EndGlobalSection
	GlobalSection(ExtensibilityGlobals) = postSolution
		SolutionGuid = {2A8D0124-7C67-43EC-98A2-B73467633483}
	EndGlobalSection
EndGlobal
