
Microsoft Visual Studio Solution File, Format Version 12.00
# Visual Studio Version 17
VisualStudioVersion = 17.0.32126.317
MinimumVisualStudioVersion = 10.0.40219.1
Project("{FAE04EC0-301F-11D3-BF4B-00C04F79EFBC}") = "Biblioteca", "Biblioteca\Biblioteca.csproj", "{7DC3F6ED-ABED-4B0B-A2DC-692AA15B7150}"
EndProject
Global
	GlobalSection(SolutionConfigurationPlatforms) = preSolution
		Debug|Any CPU = Debug|Any CPU
		Release|Any CPU = Release|Any CPU
	EndGlobalSection
	GlobalSection(ProjectConfigurationPlatforms) = postSolution
		{7DC3F6ED-ABED-4B0B-A2DC-692AA15B7150}.Debug|Any CPU.ActiveCfg = Debug|Any CPU
		{7DC3F6ED-ABED-4B0B-A2DC-692AA15B7150}.Debug|Any CPU.Build.0 = Debug|Any CPU
		{7DC3F6ED-ABED-4B0B-A2DC-692AA15B7150}.Release|Any CPU.ActiveCfg = Release|Any CPU
		{7DC3F6ED-ABED-4B0B-A2DC-692AA15B7150}.Release|Any CPU.Build.0 = Release|Any CPU
	EndGlobalSection
	GlobalSection(SolutionProperties) = preSolution
		HideSolutionNode = FALSE
	EndGlobalSection
	GlobalSection(ExtensibilityGlobals) = postSolution
		SolutionGuid = {DE07F4F7-C371-43DE-BB12-E6509219AA14}
	EndGlobalSection
EndGlobal
