
Microsoft Visual Studio Solution File, Format Version 12.00
# Visual Studio Version 17
VisualStudioVersion = 17.0.32126.317
MinimumVisualStudioVersion = 10.0.40219.1
Project("{FAE04EC0-301F-11D3-BF4B-00C04F79EFBC}") = "Liste", "Liste\Liste.csproj", "{436BA565-79CB-45E8-B049-A7C5AD1599B1}"
EndProject
Global
	GlobalSection(SolutionConfigurationPlatforms) = preSolution
		Debug|Any CPU = Debug|Any CPU
		Release|Any CPU = Release|Any CPU
	EndGlobalSection
	GlobalSection(ProjectConfigurationPlatforms) = postSolution
		{436BA565-79CB-45E8-B049-A7C5AD1599B1}.Debug|Any CPU.ActiveCfg = Debug|Any CPU
		{436BA565-79CB-45E8-B049-A7C5AD1599B1}.Debug|Any CPU.Build.0 = Debug|Any CPU
		{436BA565-79CB-45E8-B049-A7C5AD1599B1}.Release|Any CPU.ActiveCfg = Release|Any CPU
		{436BA565-79CB-45E8-B049-A7C5AD1599B1}.Release|Any CPU.Build.0 = Release|Any CPU
	EndGlobalSection
	GlobalSection(SolutionProperties) = preSolution
		HideSolutionNode = FALSE
	EndGlobalSection
	GlobalSection(ExtensibilityGlobals) = postSolution
		SolutionGuid = {ADA3B364-C7DB-4FDC-9789-28B733E4A26D}
	EndGlobalSection
EndGlobal
