
Microsoft Visual Studio Solution File, Format Version 12.00
# Visual Studio Version 17
VisualStudioVersion = 17.1.32421.90
MinimumVisualStudioVersion = 10.0.40219.1
Project("{FAE04EC0-301F-11D3-BF4B-00C04F79EFBC}") = "GUIFinestra", "GUIFinestra\GUIFinestra.csproj", "{8D8D43D6-2A19-461B-A044-DBBDF8299E29}"
EndProject
Global
	GlobalSection(SolutionConfigurationPlatforms) = preSolution
		Debug|Any CPU = Debug|Any CPU
		Release|Any CPU = Release|Any CPU
	EndGlobalSection
	GlobalSection(ProjectConfigurationPlatforms) = postSolution
		{8D8D43D6-2A19-461B-A044-DBBDF8299E29}.Debug|Any CPU.ActiveCfg = Debug|Any CPU
		{8D8D43D6-2A19-461B-A044-DBBDF8299E29}.Debug|Any CPU.Build.0 = Debug|Any CPU
		{8D8D43D6-2A19-461B-A044-DBBDF8299E29}.Release|Any CPU.ActiveCfg = Release|Any CPU
		{8D8D43D6-2A19-461B-A044-DBBDF8299E29}.Release|Any CPU.Build.0 = Release|Any CPU
	EndGlobalSection
	GlobalSection(SolutionProperties) = preSolution
		HideSolutionNode = FALSE
	EndGlobalSection
	GlobalSection(ExtensibilityGlobals) = postSolution
		SolutionGuid = {62814757-89C4-46FE-8615-9337B23E4D84}
	EndGlobalSection
EndGlobal
