
Microsoft Visual Studio Solution File, Format Version 12.00
# Visual Studio Version 17
VisualStudioVersion = 17.0.32126.317
MinimumVisualStudioVersion = 10.0.40219.1
Project("{FAE04EC0-301F-11D3-BF4B-00C04F79EFBC}") = "GestioneFileTesto", "GestioneFileTesto\GestioneFileTesto.csproj", "{949B869C-D6AB-4C95-A305-8CFA2139F055}"
EndProject
Global
	GlobalSection(SolutionConfigurationPlatforms) = preSolution
		Debug|Any CPU = Debug|Any CPU
		Release|Any CPU = Release|Any CPU
	EndGlobalSection
	GlobalSection(ProjectConfigurationPlatforms) = postSolution
		{949B869C-D6AB-4C95-A305-8CFA2139F055}.Debug|Any CPU.ActiveCfg = Debug|Any CPU
		{949B869C-D6AB-4C95-A305-8CFA2139F055}.Debug|Any CPU.Build.0 = Debug|Any CPU
		{949B869C-D6AB-4C95-A305-8CFA2139F055}.Release|Any CPU.ActiveCfg = Release|Any CPU
		{949B869C-D6AB-4C95-A305-8CFA2139F055}.Release|Any CPU.Build.0 = Release|Any CPU
	EndGlobalSection
	GlobalSection(SolutionProperties) = preSolution
		HideSolutionNode = FALSE
	EndGlobalSection
	GlobalSection(ExtensibilityGlobals) = postSolution
		SolutionGuid = {7DEEDF86-7C8D-454E-BE11-C68A4BB33445}
	EndGlobalSection
EndGlobal
