
Microsoft Visual Studio Solution File, Format Version 12.00
# Visual Studio Version 16
VisualStudioVersion = 16.0.32126.315
MinimumVisualStudioVersion = 10.0.40219.1
Project("{FAE04EC0-301F-11D3-BF4B-00C04F79EFBC}") = "MVC_Istat", "MVC_Istat\MVC_Istat.csproj", "{14E41D3E-74CD-439F-9CCA-077010A454B3}"
EndProject
Global
	GlobalSection(SolutionConfigurationPlatforms) = preSolution
		Debug|Any CPU = Debug|Any CPU
		Release|Any CPU = Release|Any CPU
	EndGlobalSection
	GlobalSection(ProjectConfigurationPlatforms) = postSolution
		{14E41D3E-74CD-439F-9CCA-077010A454B3}.Debug|Any CPU.ActiveCfg = Debug|Any CPU
		{14E41D3E-74CD-439F-9CCA-077010A454B3}.Debug|Any CPU.Build.0 = Debug|Any CPU
		{14E41D3E-74CD-439F-9CCA-077010A454B3}.Release|Any CPU.ActiveCfg = Release|Any CPU
		{14E41D3E-74CD-439F-9CCA-077010A454B3}.Release|Any CPU.Build.0 = Release|Any CPU
	EndGlobalSection
	GlobalSection(SolutionProperties) = preSolution
		HideSolutionNode = FALSE
	EndGlobalSection
	GlobalSection(ExtensibilityGlobals) = postSolution
		SolutionGuid = {4D73E296-C2DC-440F-AD2A-FC6432C7A6C2}
	EndGlobalSection
EndGlobal
