
Microsoft Visual Studio Solution File, Format Version 12.00
# Visual Studio Version 17
VisualStudioVersion = 17.1.32421.90
MinimumVisualStudioVersion = 10.0.40219.1
Project("{FAE04EC0-301F-11D3-BF4B-00C04F79EFBC}") = "BikeStores", "BikeStores\BikeStores.csproj", "{594E61BF-A944-44C9-BCF3-A66F3A06140B}"
EndProject
Global
	GlobalSection(SolutionConfigurationPlatforms) = preSolution
		Debug|Any CPU = Debug|Any CPU
		Release|Any CPU = Release|Any CPU
	EndGlobalSection
	GlobalSection(ProjectConfigurationPlatforms) = postSolution
		{594E61BF-A944-44C9-BCF3-A66F3A06140B}.Debug|Any CPU.ActiveCfg = Debug|Any CPU
		{594E61BF-A944-44C9-BCF3-A66F3A06140B}.Debug|Any CPU.Build.0 = Debug|Any CPU
		{594E61BF-A944-44C9-BCF3-A66F3A06140B}.Release|Any CPU.ActiveCfg = Release|Any CPU
		{594E61BF-A944-44C9-BCF3-A66F3A06140B}.Release|Any CPU.Build.0 = Release|Any CPU
	EndGlobalSection
	GlobalSection(SolutionProperties) = preSolution
		HideSolutionNode = FALSE
	EndGlobalSection
	GlobalSection(ExtensibilityGlobals) = postSolution
		SolutionGuid = {ED2279A8-7162-4F16-8813-BC2587E800F0}
	EndGlobalSection
EndGlobal
