
Microsoft Visual Studio Solution File, Format Version 12.00
# Visual Studio Version 17
VisualStudioVersion = 17.1.32421.90
MinimumVisualStudioVersion = 10.0.40219.1
Project("{FAE04EC0-301F-11D3-BF4B-00C04F79EFBC}") = "GUIProdotto", "GUIProdotto\GUIProdotto.csproj", "{AD2E9023-3A65-40D2-BAA4-CD43F329EEA3}"
EndProject
Global
	GlobalSection(SolutionConfigurationPlatforms) = preSolution
		Debug|Any CPU = Debug|Any CPU
		Release|Any CPU = Release|Any CPU
	EndGlobalSection
	GlobalSection(ProjectConfigurationPlatforms) = postSolution
		{AD2E9023-3A65-40D2-BAA4-CD43F329EEA3}.Debug|Any CPU.ActiveCfg = Debug|Any CPU
		{AD2E9023-3A65-40D2-BAA4-CD43F329EEA3}.Debug|Any CPU.Build.0 = Debug|Any CPU
		{AD2E9023-3A65-40D2-BAA4-CD43F329EEA3}.Release|Any CPU.ActiveCfg = Release|Any CPU
		{AD2E9023-3A65-40D2-BAA4-CD43F329EEA3}.Release|Any CPU.Build.0 = Release|Any CPU
	EndGlobalSection
	GlobalSection(SolutionProperties) = preSolution
		HideSolutionNode = FALSE
	EndGlobalSection
	GlobalSection(ExtensibilityGlobals) = postSolution
		SolutionGuid = {C745B20A-9173-4537-86D4-7F62C89771DB}
	EndGlobalSection
EndGlobal
