
Microsoft Visual Studio Solution File, Format Version 12.00
# Visual Studio Version 17
VisualStudioVersion = 17.1.32421.90
MinimumVisualStudioVersion = 10.0.40219.1
Project("{FAE04EC0-301F-11D3-BF4B-00C04F79EFBC}") = "22_SaldanaMoreno_Esercitazione", "22_SaldanaMoreno_Esercitazione\22_SaldanaMoreno_Esercitazione.csproj", "{B11A2996-8251-415F-B4C1-7D2FA8D53290}"
EndProject
Global
	GlobalSection(SolutionConfigurationPlatforms) = preSolution
		Debug|Any CPU = Debug|Any CPU
		Release|Any CPU = Release|Any CPU
	EndGlobalSection
	GlobalSection(ProjectConfigurationPlatforms) = postSolution
		{B11A2996-8251-415F-B4C1-7D2FA8D53290}.Debug|Any CPU.ActiveCfg = Debug|Any CPU
		{B11A2996-8251-415F-B4C1-7D2FA8D53290}.Debug|Any CPU.Build.0 = Debug|Any CPU
		{B11A2996-8251-415F-B4C1-7D2FA8D53290}.Release|Any CPU.ActiveCfg = Release|Any CPU
		{B11A2996-8251-415F-B4C1-7D2FA8D53290}.Release|Any CPU.Build.0 = Release|Any CPU
	EndGlobalSection
	GlobalSection(SolutionProperties) = preSolution
		HideSolutionNode = FALSE
	EndGlobalSection
	GlobalSection(ExtensibilityGlobals) = postSolution
		SolutionGuid = {21D90DE4-8907-4494-AF18-3DACA5C0E9EE}
	EndGlobalSection
EndGlobal
